<Solution>
  <Folder Name="/benchmarks/">
    <Project Path="src/LiveViewEngine.Core.Benchmarks/LiveViewEngine.Core.Benchmarks.csproj" />
  </Folder>
  <Folder Name="/docs/">
    <File Path="docs\system-design.md" />
  </Folder>
  <Folder Name="/examples/">
    <Project Path="src/examples/LiveViewEngine.Poc.AppHost/LiveViewEngine.Poc.AppHost.csproj" />
    <Project Path="src/examples/LiveViewEngine.Poc.DataProvider/LiveViewEngine.Poc.DataProvider.csproj" />
    <Project Path="src/examples/LiveViewEngine.Poc.Shared/LiveViewEngine.Poc.Shared.csproj" />
    <Project Path="src/examples/LiveViewEngine.Poc.Ui/LiveViewEngine.Poc.Ui.csproj" />
  </Folder>
  <Folder Name="/src/">
    <Project Path="src/LiveViewEngine.Collections/LiveViewEngine.Collections.csproj" />
    <Project Path="src/LiveViewEngine.Core/LiveViewEngine.Core.csproj" />
    <Project Path="src/LiveViewEngine.HttpClient/LiveViewEngine.HttpClient.csproj" />
    <Project Path="src/LiveViewEngine.WebHost/LiveViewEngine.WebHost.csproj" />
  </Folder>
  <Folder Name="/tests/">
    <Project Path="src/tests/LiveViewEngine.Collections.UnitTests/LiveViewEngine.Collections.UnitTests.csproj" />
    <Project Path="src/tests/LiveViewEngine.Core.IntegrationTests/LiveViewEngine.Core.IntegrationTests.csproj" />
    <Project Path="src/tests/LiveViewEngine.Core.UnitTests/LiveViewEngine.Core.UnitTests.csproj" />
  </Folder>
</Solution>
